
Microsoft Visual Studio Solution File, Format Version 12.00
# Visual Studio 15
VisualStudioVersion = 15.0.27703.2018
MinimumVisualStudioVersion = 10.0.40219.1
Project("{FAE04EC0-301F-11D3-BF4B-00C04F79EFBC}") = "TCPServer", "TCPServer\TCPServer.csproj", "{7C76AB15-33C3-4304-BD58-B1D6645EFE16}"
EndProject
Project("{FAE04EC0-301F-11D3-BF4B-00C04F79EFBC}") = "TCPClient", "TCPClient\TCPClient.csproj", "{42169987-6B45-4FEE-B48E-319A407EEAD3}"
EndProject
Global
	GlobalSection(SolutionConfigurationPlatforms) = preSolution
		Debug|Any CPU = Debug|Any CPU
		Release|Any CPU = Release|Any CPU
	EndGlobalSection
	GlobalSection(ProjectConfigurationPlatforms) = postSolution
		{7C76AB15-33C3-4304-BD58-B1D6645EFE16}.Debug|Any CPU.ActiveCfg = Debug|Any CPU
		{7C76AB15-33C3-4304-BD58-B1D6645EFE16}.Debug|Any CPU.Build.0 = Debug|Any CPU
		{7C76AB15-33C3-4304-BD58-B1D6645EFE16}.Release|Any CPU.ActiveCfg = Release|Any CPU
		{7C76AB15-33C3-4304-BD58-B1D6645EFE16}.Release|Any CPU.Build.0 = Release|Any CPU
		{42169987-6B45-4FEE-B48E-319A407EEAD3}.Debug|Any CPU.ActiveCfg = Debug|Any CPU
		{42169987-6B45-4FEE-B48E-319A407EEAD3}.Debug|Any CPU.Build.0 = Debug|Any CPU
		{42169987-6B45-4FEE-B48E-319A407EEAD3}.Release|Any CPU.ActiveCfg = Release|Any CPU
		{42169987-6B45-4FEE-B48E-319A407EEAD3}.Release|Any CPU.Build.0 = Release|Any CPU
	EndGlobalSection
	GlobalSection(SolutionProperties) = preSolution
		HideSolutionNode = FALSE
	EndGlobalSection
	GlobalSection(ExtensibilityGlobals) = postSolution
		SolutionGuid = {7349DBAC-58D0-4257-B8F9-2A97A1A0AB9A}
	EndGlobalSection
EndGlobal
